
Microsoft Visual Studio Solution File, Format Version 12.00
# Visual Studio Version 16
VisualStudioVersion = 16.0.30804.86
MinimumVisualStudioVersion = 10.0.40219.1
Project("{9A19103F-16F7-4668-BE54-9A1E7A4F7556}") = "DotMachine", "DotMachine\DotMachine.csproj", "{D7A1E6E9-90DF-4725-888F-0C2A722C8C0D}"
EndProject
Project("{FAE04EC0-301F-11D3-BF4B-00C04F79EFBC}") = "DotMachineTests", "..\tests\DotMachineTests\DotMachineTests.csproj", "{A9D4E50E-D173-473D-9FF3-A8746EA03D47}"
EndProject
Global
	GlobalSection(SolutionConfigurationPlatforms) = preSolution
		Debug|Any CPU = Debug|Any CPU
		Release|Any CPU = Release|Any CPU
	EndGlobalSection
	GlobalSection(ProjectConfigurationPlatforms) = postSolution
		{D7A1E6E9-90DF-4725-888F-0C2A722C8C0D}.Debug|Any CPU.ActiveCfg = Debug|Any CPU
		{D7A1E6E9-90DF-4725-888F-0C2A722C8C0D}.Debug|Any CPU.Build.0 = Debug|Any CPU
		{D7A1E6E9-90DF-4725-888F-0C2A722C8C0D}.Release|Any CPU.ActiveCfg = Release|Any CPU
		{D7A1E6E9-90DF-4725-888F-0C2A722C8C0D}.Release|Any CPU.Build.0 = Release|Any CPU
		{A9D4E50E-D173-473D-9FF3-A8746EA03D47}.Debug|Any CPU.ActiveCfg = Debug|Any CPU
		{A9D4E50E-D173-473D-9FF3-A8746EA03D47}.Debug|Any CPU.Build.0 = Debug|Any CPU
		{A9D4E50E-D173-473D-9FF3-A8746EA03D47}.Release|Any CPU.ActiveCfg = Release|Any CPU
		{A9D4E50E-D173-473D-9FF3-A8746EA03D47}.Release|Any CPU.Build.0 = Release|Any CPU
	EndGlobalSection
	GlobalSection(SolutionProperties) = preSolution
		HideSolutionNode = FALSE
	EndGlobalSection
	GlobalSection(ExtensibilityGlobals) = postSolution
		SolutionGuid = {30D08B98-8863-4AD1-BF8E-B573E4020EF5}
	EndGlobalSection
EndGlobal
